// !$*UTF8*$!
{
	archiveVersion = 1;
	classes = {
	};
	objectVersion = 55;
	objects = {

/* Begin PBXBuildFile section */
		370B5C1B27585C690062D067 /* AnnotationDelegate.swift in Sources */ = {isa = PBXBuildFile; fileRef = 370B5C1A27585C690062D067 /* AnnotationDelegate.swift */; };
		370B5C1D2758650D0062D067 /* ActionContent.swift in Sources */ = {isa = PBXBuildFile; fileRef = 370B5C1C2758650D0062D067 /* ActionContent.swift */; };
		372B04682755148700F8234D /* ActionTableViewCell.swift in Sources */ = {isa = PBXBuildFile; fileRef = 372B04672755148700F8234D /* ActionTableViewCell.swift */; };
		3776FF7B274F27790007B2EE /* NSMutableParagraphStyle+CustomInitiator.swift in Sources */ = {isa = PBXBuildFile; fileRef = 3776FF7A274F27790007B2EE /* NSMutableParagraphStyle+CustomInitiator.swift */; };
		3776FF7D274F2EB30007B2EE /* PEDetailLabel.swift in Sources */ = {isa = PBXBuildFile; fileRef = 3776FF7C274F2EB30007B2EE /* PEDetailLabel.swift */; };
		377E865B274DD8F10043196F /* DroppedPinViewController.swift in Sources */ = {isa = PBXBuildFile; fileRef = 377E865A274DD8F10043196F /* DroppedPinViewController.swift */; };
		377E865D274DECE00043196F /* DroppedPinDelegate.swift in Sources */ = {isa = PBXBuildFile; fileRef = 377E865C274DECE00043196F /* DroppedPinDelegate.swift */; };
		3793C4F4274C88F600E7FB43 /* FloatingPanel in Frameworks */ = {isa = PBXBuildFile; productRef = 3793C4F3274C88F600E7FB43 /* FloatingPanel */; };
		3793C4F9274C8C6900E7FB43 /* AnnotationsViewController.swift in Sources */ = {isa = PBXBuildFile; fileRef = 3793C4F8274C8C6900E7FB43 /* AnnotationsViewController.swift */; };
		3793C4FC274D3D9200E7FB43 /* UIColor+CustomColors.swift in Sources */ = {isa = PBXBuildFile; fileRef = 3793C4FB274D3D9200E7FB43 /* UIColor+CustomColors.swift */; };
		3793C4FF274D541F00E7FB43 /* AnnotationTableViewCell.swift in Sources */ = {isa = PBXBuildFile; fileRef = 3793C4FD274D541F00E7FB43 /* AnnotationTableViewCell.swift */; };
		3793C500274D541F00E7FB43 /* AnnotationTableViewCell.xib in Resources */ = {isa = PBXBuildFile; fileRef = 3793C4FE274D541F00E7FB43 /* AnnotationTableViewCell.xib */; };
		37A48EE82745FCDE0063D656 /* MapKitAndUserLocation.xcdatamodeld in Sources */ = {isa = PBXBuildFile; fileRef = 37A48EE62745FCDE0063D656 /* MapKitAndUserLocation.xcdatamodeld */; };
		37A997792756685B00438B54 /* CoreDataManager.swift in Sources */ = {isa = PBXBuildFile; fileRef = 37A997782756685B00438B54 /* CoreDataManager.swift */; };
		37A9979427566DA500438B54 /* CDHolder+CoreDataClass.swift in Sources */ = {isa = PBXBuildFile; fileRef = 37A9979027566DA500438B54 /* CDHolder+CoreDataClass.swift */; };
		37A9979527566DA500438B54 /* CDHolder+CoreDataProperties.swift in Sources */ = {isa = PBXBuildFile; fileRef = 37A9979127566DA500438B54 /* CDHolder+CoreDataProperties.swift */; };
		37A997A02756C7F100438B54 /* CDAnnotation+CoreDataClass.swift in Sources */ = {isa = PBXBuildFile; fileRef = 37A9979E2756C7F100438B54 /* CDAnnotation+CoreDataClass.swift */; };
		37A997A12756C7F100438B54 /* CDAnnotation+CoreDataProperties.swift in Sources */ = {isa = PBXBuildFile; fileRef = 37A9979F2756C7F100438B54 /* CDAnnotation+CoreDataProperties.swift */; };
		37B9C0EB274589B000B466DA /* AppDelegate.swift in Sources */ = {isa = PBXBuildFile; fileRef = 37B9C0EA274589B000B466DA /* AppDelegate.swift */; };
		37B9C0ED274589B000B466DA /* SceneDelegate.swift in Sources */ = {isa = PBXBuildFile; fileRef = 37B9C0EC274589B000B466DA /* SceneDelegate.swift */; };
		37B9C0EF274589B000B466DA /* MapViewController.swift in Sources */ = {isa = PBXBuildFile; fileRef = 37B9C0EE274589B000B466DA /* MapViewController.swift */; };
		37B9C0F4274589B100B466DA /* Assets.xcassets in Resources */ = {isa = PBXBuildFile; fileRef = 37B9C0F3274589B100B466DA /* Assets.xcassets */; };
		37B9C0F7274589B100B466DA /* LaunchScreen.storyboard in Resources */ = {isa = PBXBuildFile; fileRef = 37B9C0F5274589B100B466DA /* LaunchScreen.storyboard */; };
/* End PBXBuildFile section */

/* Begin PBXFileReference section */
		370B5C1A27585C690062D067 /* AnnotationDelegate.swift */ = {isa = PBXFileReference; lastKnownFileType = sourcecode.swift; path = AnnotationDelegate.swift; sourceTree = "<group>"; };
		370B5C1C2758650D0062D067 /* ActionContent.swift */ = {isa = PBXFileReference; lastKnownFileType = sourcecode.swift; path = ActionContent.swift; sourceTree = "<group>"; };
		372B04672755148700F8234D /* ActionTableViewCell.swift */ = {isa = PBXFileReference; lastKnownFileType = sourcecode.swift; path = ActionTableViewCell.swift; sourceTree = "<group>"; };
		3776FF7A274F27790007B2EE /* NSMutableParagraphStyle+CustomInitiator.swift */ = {isa = PBXFileReference; lastKnownFileType = sourcecode.swift; path = "NSMutableParagraphStyle+CustomInitiator.swift"; sourceTree = "<group>"; };
		3776FF7C274F2EB30007B2EE /* PEDetailLabel.swift */ = {isa = PBXFileReference; lastKnownFileType = sourcecode.swift; path = PEDetailLabel.swift; sourceTree = "<group>"; };
		377E865A274DD8F10043196F /* DroppedPinViewController.swift */ = {isa = PBXFileReference; lastKnownFileType = sourcecode.swift; path = DroppedPinViewController.swift; sourceTree = "<group>"; };
		377E865C274DECE00043196F /* DroppedPinDelegate.swift */ = {isa = PBXFileReference; lastKnownFileType = sourcecode.swift; path = DroppedPinDelegate.swift; sourceTree = "<group>"; };
		3793C4F8274C8C6900E7FB43 /* AnnotationsViewController.swift */ = {isa = PBXFileReference; lastKnownFileType = sourcecode.swift; path = AnnotationsViewController.swift; sourceTree = "<group>"; };
		3793C4FB274D3D9200E7FB43 /* UIColor+CustomColors.swift */ = {isa = PBXFileReference; lastKnownFileType = sourcecode.swift; path = "UIColor+CustomColors.swift"; sourceTree = "<group>"; };
		3793C4FD274D541F00E7FB43 /* AnnotationTableViewCell.swift */ = {isa = PBXFileReference; lastKnownFileType = sourcecode.swift; path = AnnotationTableViewCell.swift; sourceTree = "<group>"; };
		3793C4FE274D541F00E7FB43 /* AnnotationTableViewCell.xib */ = {isa = PBXFileReference; lastKnownFileType = file.xib; path = AnnotationTableViewCell.xib; sourceTree = "<group>"; };
		37A48EE72745FCDE0063D656 /* MapKitAndUserLocation.xcdatamodel */ = {isa = PBXFileReference; lastKnownFileType = wrapper.xcdatamodel; path = MapKitAndUserLocation.xcdatamodel; sourceTree = "<group>"; };
		37A997782756685B00438B54 /* CoreDataManager.swift */ = {isa = PBXFileReference; lastKnownFileType = sourcecode.swift; path = CoreDataManager.swift; sourceTree = "<group>"; };
		37A9979027566DA500438B54 /* CDHolder+CoreDataClass.swift */ = {isa = PBXFileReference; lastKnownFileType = sourcecode.swift; path = "CDHolder+CoreDataClass.swift"; sourceTree = "<group>"; };
		37A9979127566DA500438B54 /* CDHolder+CoreDataProperties.swift */ = {isa = PBXFileReference; lastKnownFileType = sourcecode.swift; path = "CDHolder+CoreDataProperties.swift"; sourceTree = "<group>"; };
		37A9979E2756C7F100438B54 /* CDAnnotation+CoreDataClass.swift */ = {isa = PBXFileReference; lastKnownFileType = sourcecode.swift; path = "CDAnnotation+CoreDataClass.swift"; sourceTree = "<group>"; };
		37A9979F2756C7F100438B54 /* CDAnnotation+CoreDataProperties.swift */ = {isa = PBXFileReference; lastKnownFileType = sourcecode.swift; path = "CDAnnotation+CoreDataProperties.swift"; sourceTree = "<group>"; };
		37B9C0E7274589B000B466DA /* MapKitAndUserLocation.app */ = {isa = PBXFileReference; explicitFileType = wrapper.application; includeInIndex = 0; path = MapKitAndUserLocation.app; sourceTree = BUILT_PRODUCTS_DIR; };
		37B9C0EA274589B000B466DA /* AppDelegate.swift */ = {isa = PBXFileReference; lastKnownFileType = sourcecode.swift; path = AppDelegate.swift; sourceTree = "<group>"; };
		37B9C0EC274589B000B466DA /* SceneDelegate.swift */ = {isa = PBXFileReference; lastKnownFileType = sourcecode.swift; path = SceneDelegate.swift; sourceTree = "<group>"; };
		37B9C0EE274589B000B466DA /* MapViewController.swift */ = {isa = PBXFileReference; lastKnownFileType = sourcecode.swift; path = MapViewController.swift; sourceTree = "<group>"; };
		37B9C0F3274589B100B466DA /* Assets.xcassets */ = {isa = PBXFileReference; lastKnownFileType = folder.assetcatalog; path = Assets.xcassets; sourceTree = "<group>"; };
		37B9C0F6274589B100B466DA /* Base */ = {isa = PBXFileReference; lastKnownFileType = file.storyboard; name = Base; path = Base.lproj/LaunchScreen.storyboard; sourceTree = "<group>"; };
		37B9C0F8274589B100B466DA /* Info.plist */ = {isa = PBXFileReference; lastKnownFileType = text.plist.xml; path = Info.plist; sourceTree = "<group>"; };
/* End PBXFileReference section */

/* Begin PBXFrameworksBuildPhase section */
		37B9C0E4274589B000B466DA /* Frameworks */ = {
			isa = PBXFrameworksBuildPhase;
			buildActionMask = 2147483647;
			files = (
				3793C4F4274C88F600E7FB43 /* FloatingPanel in Frameworks */,
			);
			runOnlyForDeploymentPostprocessing = 0;
		};
/* End PBXFrameworksBuildPhase section */

/* Begin PBXGroup section */
		377E8656274DD1580043196F /* Essentials */ = {
			isa = PBXGroup;
			children = (
			);
			path = Essentials;
			sourceTree = "<group>";
		};
		377E8659274DD8580043196F /* DroppedPinPinScreen */ = {
			isa = PBXGroup;
			children = (
				377E865A274DD8F10043196F /* DroppedPinViewController.swift */,
				377E865C274DECE00043196F /* DroppedPinDelegate.swift */,
				3776FF7C274F2EB30007B2EE /* PEDetailLabel.swift */,
				372B04672755148700F8234D /* ActionTableViewCell.swift */,
				370B5C1C2758650D0062D067 /* ActionContent.swift */,
			);
			path = DroppedPinPinScreen;
			sourceTree = "<group>";
		};
		3793C4F5274C8BF400E7FB43 /* MapScreen */ = {
			isa = PBXGroup;
			children = (
				37B9C0EE274589B000B466DA /* MapViewController.swift */,
			);
			path = MapScreen;
			sourceTree = "<group>";
		};
		3793C4F6274C8C1800E7FB43 /* AnnotationsScreen */ = {
			isa = PBXGroup;
			children = (
				3793C4F8274C8C6900E7FB43 /* AnnotationsViewController.swift */,
				3793C4FD274D541F00E7FB43 /* AnnotationTableViewCell.swift */,
				3793C4FE274D541F00E7FB43 /* AnnotationTableViewCell.xib */,
				370B5C1A27585C690062D067 /* AnnotationDelegate.swift */,
			);
			path = AnnotationsScreen;
			sourceTree = "<group>";
		};
		3793C4FA274D3D2B00E7FB43 /* Extensions */ = {
			isa = PBXGroup;
			children = (
				3793C4FB274D3D9200E7FB43 /* UIColor+CustomColors.swift */,
				3776FF7A274F27790007B2EE /* NSMutableParagraphStyle+CustomInitiator.swift */,
			);
			path = Extensions;
			sourceTree = "<group>";
		};
		37A99773275667B400438B54 /* Models */ = {
			isa = PBXGroup;
			children = (
				37A9979E2756C7F100438B54 /* CDAnnotation+CoreDataClass.swift */,
				37A9979F2756C7F100438B54 /* CDAnnotation+CoreDataProperties.swift */,
				37A9979027566DA500438B54 /* CDHolder+CoreDataClass.swift */,
				37A9979127566DA500438B54 /* CDHolder+CoreDataProperties.swift */,
			);
			path = Models;
			sourceTree = "<group>";
		};
		37B9C0DE274589B000B466DA = {
			isa = PBXGroup;
			children = (
				37B9C0E9274589B000B466DA /* MapKitAndUserLocation */,
				37B9C0E8274589B000B466DA /* Products */,
			);
			sourceTree = "<group>";
		};
		37B9C0E8274589B000B466DA /* Products */ = {
			isa = PBXGroup;
			children = (
				37B9C0E7274589B000B466DA /* MapKitAndUserLocation.app */,
			);
			name = Products;
			sourceTree = "<group>";
		};
		37B9C0E9274589B000B466DA /* MapKitAndUserLocation */ = {
			isa = PBXGroup;
			children = (
				37A99773275667B400438B54 /* Models */,
				377E8659274DD8580043196F /* DroppedPinPinScreen */,
				377E8656274DD1580043196F /* Essentials */,
				3793C4FA274D3D2B00E7FB43 /* Extensions */,
				3793C4F6274C8C1800E7FB43 /* AnnotationsScreen */,
				3793C4F5274C8BF400E7FB43 /* MapScreen */,
				37B9C0EA274589B000B466DA /* AppDelegate.swift */,
				37B9C0EC274589B000B466DA /* SceneDelegate.swift */,
				37B9C0F3274589B100B466DA /* Assets.xcassets */,
				37B9C0F5274589B100B466DA /* LaunchScreen.storyboard */,
				37B9C0F8274589B100B466DA /* Info.plist */,
				37A48EE62745FCDE0063D656 /* MapKitAndUserLocation.xcdatamodeld */,
				37A997782756685B00438B54 /* CoreDataManager.swift */,
			);
			path = MapKitAndUserLocation;
			sourceTree = "<group>";
		};
/* End PBXGroup section */

/* Begin PBXNativeTarget section */
		37B9C0E6274589B000B466DA /* MapKitAndUserLocation */ = {
			isa = PBXNativeTarget;
			buildConfigurationList = 37B9C0FB274589B100B466DA /* Build configuration list for PBXNativeTarget "MapKitAndUserLocation" */;
			buildPhases = (
				37B9C0E3274589B000B466DA /* Sources */,
				37B9C0E4274589B000B466DA /* Frameworks */,
				37B9C0E5274589B000B466DA /* Resources */,
			);
			buildRules = (
			);
			dependencies = (
			);
			name = MapKitAndUserLocation;
			packageProductDependencies = (
				3793C4F3274C88F600E7FB43 /* FloatingPanel */,
			);
			productName = MapKitAndUserLocation;
			productReference = 37B9C0E7274589B000B466DA /* MapKitAndUserLocation.app */;
			productType = "com.apple.product-type.application";
		};
/* End PBXNativeTarget section */

/* Begin PBXProject section */
		37B9C0DF274589B000B466DA /* Project object */ = {
			isa = PBXProject;
			attributes = {
				BuildIndependentTargetsInParallel = 1;
				LastSwiftUpdateCheck = 1310;
				LastUpgradeCheck = 1310;
				TargetAttributes = {
					37B9C0E6274589B000B466DA = {
						CreatedOnToolsVersion = 13.1;
					};
				};
			};
			buildConfigurationList = 37B9C0E2274589B000B466DA /* Build configuration list for PBXProject "MapKitAndUserLocation" */;
			compatibilityVersion = "Xcode 13.0";
			developmentRegion = en;
			hasScannedForEncodings = 0;
			knownRegions = (
				en,
				Base,
			);
			mainGroup = 37B9C0DE274589B000B466DA;
			packageReferences = (
				3793C4F2274C88F600E7FB43 /* XCRemoteSwiftPackageReference "FloatingPanel" */,
			);
			productRefGroup = 37B9C0E8274589B000B466DA /* Products */;
			projectDirPath = "";
			projectRoot = "";
			targets = (
				37B9C0E6274589B000B466DA /* MapKitAndUserLocation */,
			);
		};
/* End PBXProject section */

/* Begin PBXResourcesBuildPhase section */
		37B9C0E5274589B000B466DA /* Resources */ = {
			isa = PBXResourcesBuildPhase;
			buildActionMask = 2147483647;
			files = (
				37B9C0F7274589B100B466DA /* LaunchScreen.storyboard in Resources */,
				3793C500274D541F00E7FB43 /* AnnotationTableViewCell.xib in Resources */,
				37B9C0F4274589B100B466DA /* Assets.xcassets in Resources */,
			);
			runOnlyForDeploymentPostprocessing = 0;
		};
/* End PBXResourcesBuildPhase section */

/* Begin PBXSourcesBuildPhase section */
		37B9C0E3274589B000B466DA /* Sources */ = {
			isa = PBXSourcesBuildPhase;
			buildActionMask = 2147483647;
			files = (
				3793C4FF274D541F00E7FB43 /* AnnotationTableViewCell.swift in Sources */,
				3793C4F9274C8C6900E7FB43 /* AnnotationsViewController.swift in Sources */,
				37A9979527566DA500438B54 /* CDHolder+CoreDataProperties.swift in Sources */,
				377E865D274DECE00043196F /* DroppedPinDelegate.swift in Sources */,
				37B9C0EF274589B000B466DA /* MapViewController.swift in Sources */,
				37B9C0EB274589B000B466DA /* AppDelegate.swift in Sources */,
				372B04682755148700F8234D /* ActionTableViewCell.swift in Sources */,
				37B9C0ED274589B000B466DA /* SceneDelegate.swift in Sources */,
				37A997A12756C7F100438B54 /* CDAnnotation+CoreDataProperties.swift in Sources */,
				370B5C1D2758650D0062D067 /* ActionContent.swift in Sources */,
				3776FF7D274F2EB30007B2EE /* PEDetailLabel.swift in Sources */,
				377E865B274DD8F10043196F /* DroppedPinViewController.swift in Sources */,
				3793C4FC274D3D9200E7FB43 /* UIColor+CustomColors.swift in Sources */,
				37A48EE82745FCDE0063D656 /* MapKitAndUserLocation.xcdatamodeld in Sources */,
				370B5C1B27585C690062D067 /* AnnotationDelegate.swift in Sources */,
				37A997A02756C7F100438B54 /* CDAnnotation+CoreDataClass.swift in Sources */,
				37A997792756685B00438B54 /* CoreDataManager.swift in Sources */,
				37A9979427566DA500438B54 /* CDHolder+CoreDataClass.swift in Sources */,
				3776FF7B274F27790007B2EE /* NSMutableParagraphStyle+CustomInitiator.swift in Sources */,
			);
			runOnlyForDeploymentPostprocessing = 0;
		};
/* End PBXSourcesBuildPhase section */

/* Begin PBXVariantGroup section */
		37B9C0F5274589B100B466DA /* LaunchScreen.storyboard */ = {
			isa = PBXVariantGroup;
			children = (
				37B9C0F6274589B100B466DA /* Base */,
			);
			name = LaunchScreen.storyboard;
			sourceTree = "<group>";
		};
/* End PBXVariantGroup section */

/* Begin XCBuildConfiguration section */
		37B9C0F9274589B100B466DA /* Debug */ = {
			isa = XCBuildConfiguration;
			buildSettings = {
				ALWAYS_SEARCH_USER_PATHS = NO;
				CLANG_ANALYZER_NONNULL = YES;
				CLANG_ANALYZER_NUMBER_OBJECT_CONVERSION = YES_AGGRESSIVE;
				CLANG_CXX_LANGUAGE_STANDARD = "gnu++17";
				CLANG_CXX_LIBRARY = "libc++";
				CLANG_ENABLE_MODULES = YES;
				CLANG_ENABLE_OBJC_ARC = YES;
				CLANG_ENABLE_OBJC_WEAK = YES;
				CLANG_WARN_BLOCK_CAPTURE_AUTORELEASING = YES;
				CLANG_WARN_BOOL_CONVERSION = YES;
				CLANG_WARN_COMMA = YES;
				CLANG_WARN_CONSTANT_CONVERSION = YES;
				CLANG_WARN_DEPRECATED_OBJC_IMPLEMENTATIONS = YES;
				CLANG_WARN_DIRECT_OBJC_ISA_USAGE = YES_ERROR;
				CLANG_WARN_DOCUMENTATION_COMMENTS = YES;
				CLANG_WARN_EMPTY_BODY = YES;
				CLANG_WARN_ENUM_CONVERSION = YES;
				CLANG_WARN_INFINITE_RECURSION = YES;
				CLANG_WARN_INT_CONVERSION = YES;
				CLANG_WARN_NON_LITERAL_NULL_CONVERSION = YES;
				CLANG_WARN_OBJC_IMPLICIT_RETAIN_SELF = YES;
				CLANG_WARN_OBJC_LITERAL_CONVERSION = YES;
				CLANG_WARN_OBJC_ROOT_CLASS = YES_ERROR;
				CLANG_WARN_QUOTED_INCLUDE_IN_FRAMEWORK_HEADER = YES;
				CLANG_WARN_RANGE_LOOP_ANALYSIS = YES;
				CLANG_WARN_STRICT_PROTOTYPES = YES;
				CLANG_WARN_SUSPICIOUS_MOVE = YES;
				CLANG_WARN_UNGUARDED_AVAILABILITY = YES_AGGRESSIVE;
				CLANG_WARN_UNREACHABLE_CODE = YES;
				CLANG_WARN__DUPLICATE_METHOD_MATCH = YES;
				COPY_PHASE_STRIP = NO;
				DEBUG_INFORMATION_FORMAT = dwarf;
				ENABLE_STRICT_OBJC_MSGSEND = YES;
				ENABLE_TESTABILITY = YES;
				GCC_C_LANGUAGE_STANDARD = gnu11;
				GCC_DYNAMIC_NO_PIC = NO;
				GCC_NO_COMMON_BLOCKS = YES;
				GCC_OPTIMIZATION_LEVEL = 0;
				GCC_PREPROCESSOR_DEFINITIONS = (
					"DEBUG=1",
					"$(inherited)",
				);
				GCC_WARN_64_TO_32_BIT_CONVERSION = YES;
				GCC_WARN_ABOUT_RETURN_TYPE = YES_ERROR;
				GCC_WARN_UNDECLARED_SELECTOR = YES;
				GCC_WARN_UNINITIALIZED_AUTOS = YES_AGGRESSIVE;
				GCC_WARN_UNUSED_FUNCTION = YES;
				GCC_WARN_UNUSED_VARIABLE = YES;
				IPHONEOS_DEPLOYMENT_TARGET = 15.0;
				MTL_ENABLE_DEBUG_INFO = INCLUDE_SOURCE;
				MTL_FAST_MATH = YES;
				ONLY_ACTIVE_ARCH = YES;
				SDKROOT = iphoneos;
				SWIFT_ACTIVE_COMPILATION_CONDITIONS = DEBUG;
				SWIFT_OPTIMIZATION_LEVEL = "-Onone";
			};
			name = Debug;
		};
		37B9C0FA274589B100B466DA /* Release */ = {
			isa = XCBuildConfiguration;
			buildSettings = {
				ALWAYS_SEARCH_USER_PATHS = NO;
				CLANG_ANALYZER_NONNULL = YES;
				CLANG_ANALYZER_NUMBER_OBJECT_CONVERSION = YES_AGGRESSIVE;
				CLANG_CXX_LANGUAGE_STANDARD = "gnu++17";
				CLANG_CXX_LIBRARY = "libc++";
				CLANG_ENABLE_MODULES = YES;
				CLANG_ENABLE_OBJC_ARC = YES;
				CLANG_ENABLE_OBJC_WEAK = YES;
				CLANG_WARN_BLOCK_CAPTURE_AUTORELEASING = YES;
				CLANG_WARN_BOOL_CONVERSION = YES;
				CLANG_WARN_COMMA = YES;
				CLANG_WARN_CONSTANT_CONVERSION = YES;
				CLANG_WARN_DEPRECATED_OBJC_IMPLEMENTATIONS = YES;
				CLANG_WARN_DIRECT_OBJC_ISA_USAGE = YES_ERROR;
				CLANG_WARN_DOCUMENTATION_COMMENTS = YES;
				CLANG_WARN_EMPTY_BODY = YES;
				CLANG_WARN_ENUM_CONVERSION = YES;
				CLANG_WARN_INFINITE_RECURSION = YES;
				CLANG_WARN_INT_CONVERSION = YES;
				CLANG_WARN_NON_LITERAL_NULL_CONVERSION = YES;
				CLANG_WARN_OBJC_IMPLICIT_RETAIN_SELF = YES;
				CLANG_WARN_OBJC_LITERAL_CONVERSION = YES;
				CLANG_WARN_OBJC_ROOT_CLASS = YES_ERROR;
				CLANG_WARN_QUOTED_INCLUDE_IN_FRAMEWORK_HEADER = YES;
				CLANG_WARN_RANGE_LOOP_ANALYSIS = YES;
				CLANG_WARN_STRICT_PROTOTYPES = YES;
				CLANG_WARN_SUSPICIOUS_MOVE = YES;
				CLANG_WARN_UNGUARDED_AVAILABILITY = YES_AGGRESSIVE;
				CLANG_WARN_UNREACHABLE_CODE = YES;
				CLANG_WARN__DUPLICATE_METHOD_MATCH = YES;
				COPY_PHASE_STRIP = NO;
				DEBUG_INFORMATION_FORMAT = "dwarf-with-dsym";
				ENABLE_NS_ASSERTIONS = NO;
				ENABLE_STRICT_OBJC_MSGSEND = YES;
				GCC_C_LANGUAGE_STANDARD = gnu11;
				GCC_NO_COMMON_BLOCKS = YES;
				GCC_WARN_64_TO_32_BIT_CONVERSION = YES;
				GCC_WARN_ABOUT_RETURN_TYPE = YES_ERROR;
				GCC_WARN_UNDECLARED_SELECTOR = YES;
				GCC_WARN_UNINITIALIZED_AUTOS = YES_AGGRESSIVE;
				GCC_WARN_UNUSED_FUNCTION = YES;
				GCC_WARN_UNUSED_VARIABLE = YES;
				IPHONEOS_DEPLOYMENT_TARGET = 15.0;
				MTL_ENABLE_DEBUG_INFO = NO;
				MTL_FAST_MATH = YES;
				SDKROOT = iphoneos;
				SWIFT_COMPILATION_MODE = wholemodule;
				SWIFT_OPTIMIZATION_LEVEL = "-O";
				VALIDATE_PRODUCT = YES;
			};
			name = Release;
		};
		37B9C0FC274589B100B466DA /* Debug */ = {
			isa = XCBuildConfiguration;
			buildSettings = {
				ASSETCATALOG_COMPILER_APPICON_NAME = AppIcon;
				ASSETCATALOG_COMPILER_GLOBAL_ACCENT_COLOR_NAME = AccentColor;
				CODE_SIGN_STYLE = Automatic;
				CURRENT_PROJECT_VERSION = 1;
				DEVELOPMENT_TEAM = L6B3W3NNQ3;
				GENERATE_INFOPLIST_FILE = YES;
				INFOPLIST_FILE = MapKitAndUserLocation/Info.plist;
				INFOPLIST_KEY_UIApplicationSupportsIndirectInputEvents = YES;
				INFOPLIST_KEY_UILaunchStoryboardName = LaunchScreen;
				INFOPLIST_KEY_UISupportedInterfaceOrientations_iPad = "UIInterfaceOrientationPortrait UIInterfaceOrientationPortraitUpsideDown UIInterfaceOrientationLandscapeLeft UIInterfaceOrientationLandscapeRight";
				INFOPLIST_KEY_UISupportedInterfaceOrientations_iPhone = "UIInterfaceOrientationPortrait UIInterfaceOrientationLandscapeLeft UIInterfaceOrientationLandscapeRight";
				LD_RUNPATH_SEARCH_PATHS = (
					"$(inherited)",
					"@executable_path/Frameworks",
				);
				MARKETING_VERSION = 1.0;
				PRODUCT_BUNDLE_IDENTIFIER = com.pedroesli.MapKitAndUserLocation;
				PRODUCT_NAME = "$(TARGET_NAME)";
				SWIFT_EMIT_LOC_STRINGS = YES;
				SWIFT_VERSION = 5.0;
				TARGETED_DEVICE_FAMILY = "1,2";
			};
			name = Debug;
		};
		37B9C0FD274589B100B466DA /* Release */ = {
			isa = XCBuildConfiguration;
			buildSettings = {
				ASSETCATALOG_COMPILER_APPICON_NAME = AppIcon;
				ASSETCATALOG_COMPILER_GLOBAL_ACCENT_COLOR_NAME = AccentColor;
				CODE_SIGN_STYLE = Automatic;
				CURRENT_PROJECT_VERSION = 1;
				DEVELOPMENT_TEAM = L6B3W3NNQ3;
				GENERATE_INFOPLIST_FILE = YES;
				INFOPLIST_FILE = MapKitAndUserLocation/Info.plist;
				INFOPLIST_KEY_UIApplicationSupportsIndirectInputEvents = YES;
				INFOPLIST_KEY_UILaunchStoryboardName = LaunchScreen;
				INFOPLIST_KEY_UISupportedInterfaceOrientations_iPad = "UIInterfaceOrientationPortrait UIInterfaceOrientationPortraitUpsideDown UIInterfaceOrientationLandscapeLeft UIInterfaceOrientationLandscapeRight";
				INFOPLIST_KEY_UISupportedInterfaceOrientations_iPhone = "UIInterfaceOrientationPortrait UIInterfaceOrientationLandscapeLeft UIInterfaceOrientationLandscapeRight";
				LD_RUNPATH_SEARCH_PATHS = (
					"$(inherited)",
					"@executable_path/Frameworks",
				);
				MARKETING_VERSION = 1.0;
				PRODUCT_BUNDLE_IDENTIFIER = com.pedroesli.MapKitAndUserLocation;
				PRODUCT_NAME = "$(TARGET_NAME)";
				SWIFT_EMIT_LOC_STRINGS = YES;
				SWIFT_VERSION = 5.0;
				TARGETED_DEVICE_FAMILY = "1,2";
			};
			name = Release;
		};
/* End XCBuildConfiguration section */

/* Begin XCConfigurationList section */
		37B9C0E2274589B000B466DA /* Build configuration list for PBXProject "MapKitAndUserLocation" */ = {
			isa = XCConfigurationList;
			buildConfigurations = (
				37B9C0F9274589B100B466DA /* Debug */,
				37B9C0FA274589B100B466DA /* Release */,
			);
			defaultConfigurationIsVisible = 0;
			defaultConfigurationName = Release;
		};
		37B9C0FB274589B100B466DA /* Build configuration list for PBXNativeTarget "MapKitAndUserLocation" */ = {
			isa = XCConfigurationList;
			buildConfigurations = (
				37B9C0FC274589B100B466DA /* Debug */,
				37B9C0FD274589B100B466DA /* Release */,
			);
			defaultConfigurationIsVisible = 0;
			defaultConfigurationName = Release;
		};
/* End XCConfigurationList section */

/* Begin XCRemoteSwiftPackageReference section */
		3793C4F2274C88F600E7FB43 /* XCRemoteSwiftPackageReference "FloatingPanel" */ = {
			isa = XCRemoteSwiftPackageReference;
			repositoryURL = "https://github.com/scenee/FloatingPanel";
			requirement = {
				branch = master;
				kind = branch;
			};
		};
/* End XCRemoteSwiftPackageReference section */

/* Begin XCSwiftPackageProductDependency section */
		3793C4F3274C88F600E7FB43 /* FloatingPanel */ = {
			isa = XCSwiftPackageProductDependency;
			package = 3793C4F2274C88F600E7FB43 /* XCRemoteSwiftPackageReference "FloatingPanel" */;
			productName = FloatingPanel;
		};
/* End XCSwiftPackageProductDependency section */

/* Begin XCVersionGroup section */
		37A48EE62745FCDE0063D656 /* MapKitAndUserLocation.xcdatamodeld */ = {
			isa = XCVersionGroup;
			children = (
				37A48EE72745FCDE0063D656 /* MapKitAndUserLocation.xcdatamodel */,
			);
			currentVersion = 37A48EE72745FCDE0063D656 /* MapKitAndUserLocation.xcdatamodel */;
			path = MapKitAndUserLocation.xcdatamodeld;
			sourceTree = "<group>";
			versionGroupType = wrapper.xcdatamodel;
		};
/* End XCVersionGroup section */
	};
	rootObject = 37B9C0DF274589B000B466DA /* Project object */;
}
